
Microsoft Visual Studio Solution File, Format Version 12.00
# Visual Studio Version 17
VisualStudioVersion = 17.2.32602.215
MinimumVisualStudioVersion = 10.0.40219.1
Project("{FAE04EC0-301F-11D3-BF4B-00C04F79EFBC}") = "Ste.User.Host", "Ste.User.Host\Ste.User.Host.csproj", "{308F24E6-C3A2-409B-8792-742819C59AB4}"
EndProject
Project("{FAE04EC0-301F-11D3-BF4B-00C04F79EFBC}") = "Ste.User.Domain", "Ste.User.Domain\Ste.User.Domain.csproj", "{AB69988D-76E9-4D7A-9F34-C31E4839D229}"
EndProject
Project("{FAE04EC0-301F-11D3-BF4B-00C04F79EFBC}") = "Ste.User.Application", "Ste.User.Application\Ste.User.Application.csproj", "{B6122B4E-32FE-45EB-83B4-AB7B6A397B6C}"
EndProject
Project("{FAE04EC0-301F-11D3-BF4B-00C04F79EFBC}") = "Ste.User.Infrastructure", "Ste.User.Infrastructure\Ste.User.Infrastructure.csproj", "{A00FB68B-CC6A-4FF5-BE2E-5997EF252A46}"
EndProject
Project("{FAE04EC0-301F-11D3-BF4B-00C04F79EFBC}") = "Ste.Framework", "Ste.Framework\Ste.Framework.csproj", "{9B1A09FA-E871-4C81-9BF6-878D03DA579E}"
EndProject
Global
	GlobalSection(SolutionConfigurationPlatforms) = preSolution
		Debug|Any CPU = Debug|Any CPU
		Release|Any CPU = Release|Any CPU
	EndGlobalSection
	GlobalSection(ProjectConfigurationPlatforms) = postSolution
		{308F24E6-C3A2-409B-8792-742819C59AB4}.Debug|Any CPU.ActiveCfg = Debug|Any CPU
		{308F24E6-C3A2-409B-8792-742819C59AB4}.Debug|Any CPU.Build.0 = Debug|Any CPU
		{308F24E6-C3A2-409B-8792-742819C59AB4}.Release|Any CPU.ActiveCfg = Release|Any CPU
		{308F24E6-C3A2-409B-8792-742819C59AB4}.Release|Any CPU.Build.0 = Release|Any CPU
		{AB69988D-76E9-4D7A-9F34-C31E4839D229}.Debug|Any CPU.ActiveCfg = Debug|Any CPU
		{AB69988D-76E9-4D7A-9F34-C31E4839D229}.Debug|Any CPU.Build.0 = Debug|Any CPU
		{AB69988D-76E9-4D7A-9F34-C31E4839D229}.Release|Any CPU.ActiveCfg = Release|Any CPU
		{AB69988D-76E9-4D7A-9F34-C31E4839D229}.Release|Any CPU.Build.0 = Release|Any CPU
		{B6122B4E-32FE-45EB-83B4-AB7B6A397B6C}.Debug|Any CPU.ActiveCfg = Debug|Any CPU
		{B6122B4E-32FE-45EB-83B4-AB7B6A397B6C}.Debug|Any CPU.Build.0 = Debug|Any CPU
		{B6122B4E-32FE-45EB-83B4-AB7B6A397B6C}.Release|Any CPU.ActiveCfg = Release|Any CPU
		{B6122B4E-32FE-45EB-83B4-AB7B6A397B6C}.Release|Any CPU.Build.0 = Release|Any CPU
		{A00FB68B-CC6A-4FF5-BE2E-5997EF252A46}.Debug|Any CPU.ActiveCfg = Debug|Any CPU
		{A00FB68B-CC6A-4FF5-BE2E-5997EF252A46}.Debug|Any CPU.Build.0 = Debug|Any CPU
		{A00FB68B-CC6A-4FF5-BE2E-5997EF252A46}.Release|Any CPU.ActiveCfg = Release|Any CPU
		{A00FB68B-CC6A-4FF5-BE2E-5997EF252A46}.Release|Any CPU.Build.0 = Release|Any CPU
		{9B1A09FA-E871-4C81-9BF6-878D03DA579E}.Debug|Any CPU.ActiveCfg = Debug|Any CPU
		{9B1A09FA-E871-4C81-9BF6-878D03DA579E}.Debug|Any CPU.Build.0 = Debug|Any CPU
		{9B1A09FA-E871-4C81-9BF6-878D03DA579E}.Release|Any CPU.ActiveCfg = Release|Any CPU
		{9B1A09FA-E871-4C81-9BF6-878D03DA579E}.Release|Any CPU.Build.0 = Release|Any CPU
	EndGlobalSection
	GlobalSection(SolutionProperties) = preSolution
		HideSolutionNode = FALSE
	EndGlobalSection
	GlobalSection(ExtensibilityGlobals) = postSolution
		SolutionGuid = {4500AAAE-D6E9-4870-9A72-7A42E6AA2C32}
	EndGlobalSection
EndGlobal
